// !$*UTF8*$!
{
	archiveVersion = 1;
	classes = {
	};
	objectVersion = 46;
	objects = {

/* Begin PBXBuildFile section */
		2C58A0EE1ED9E290000FF8FD /* AccountManager.swift in Sources */ = {isa = PBXBuildFile; fileRef = 2C58A0ED1ED9E290000FF8FD /* AccountManager.swift */; };
		2C58A0F21ED9E35D000FF8FD /* Alamofire.framework in Frameworks */ = {isa = PBXBuildFile; fileRef = 2C58A0EF1ED9E35D000FF8FD /* Alamofire.framework */; };
		2C58A0F31ED9E35D000FF8FD /* Material.framework in Frameworks */ = {isa = PBXBuildFile; fileRef = 2C58A0F01ED9E35D000FF8FD /* Material.framework */; };
		2C58A0F41ED9E35D000FF8FD /* SwiftyJSON.framework in Frameworks */ = {isa = PBXBuildFile; fileRef = 2C58A0F11ED9E35D000FF8FD /* SwiftyJSON.framework */; };
		2C80E8231EDA00D20029A4D5 /* TestViewController.swift in Sources */ = {isa = PBXBuildFile; fileRef = 2C80E8221EDA00D20029A4D5 /* TestViewController.swift */; };
		2C8989481ECF49D5003CEEF0 /* AppDelegate.swift in Sources */ = {isa = PBXBuildFile; fileRef = 2C8989471ECF49D4003CEEF0 /* AppDelegate.swift */; };
		2C89894A1ECF49D5003CEEF0 /* ViewController.swift in Sources */ = {isa = PBXBuildFile; fileRef = 2C8989491ECF49D5003CEEF0 /* ViewController.swift */; };
		2C89894D1ECF49D5003CEEF0 /* Main.storyboard in Resources */ = {isa = PBXBuildFile; fileRef = 2C89894B1ECF49D5003CEEF0 /* Main.storyboard */; };
		2C89894F1ECF49D5003CEEF0 /* Assets.xcassets in Resources */ = {isa = PBXBuildFile; fileRef = 2C89894E1ECF49D5003CEEF0 /* Assets.xcassets */; };
		2C8989521ECF49D5003CEEF0 /* LaunchScreen.storyboard in Resources */ = {isa = PBXBuildFile; fileRef = 2C8989501ECF49D5003CEEF0 /* LaunchScreen.storyboard */; };
		2C89895B1ECF4A10003CEEF0 /* MapKit.framework in Frameworks */ = {isa = PBXBuildFile; fileRef = 2C89895A1ECF4A10003CEEF0 /* MapKit.framework */; };
		2CDD0CDC1ED4B9F70036A3AE /* RegisterViewController.swift in Sources */ = {isa = PBXBuildFile; fileRef = 2CDD0CDB1ED4B9F70036A3AE /* RegisterViewController.swift */; };
		5741EEA54B34B66DEB9CA8F2 /* Pods_YTracker.framework in Frameworks */ = {isa = PBXBuildFile; fileRef = A7C014E7B44E6165A9C80B07 /* Pods_YTracker.framework */; };
/* End PBXBuildFile section */

/* Begin PBXFileReference section */
		02FEC7B976A5DDD440747B3D /* Pods-YTracker.release.xcconfig */ = {isa = PBXFileReference; includeInIndex = 1; lastKnownFileType = text.xcconfig; name = "Pods-YTracker.release.xcconfig"; path = "Pods/Target Support Files/Pods-YTracker/Pods-YTracker.release.xcconfig"; sourceTree = "<group>"; };
		0EA40A06E8BC74A00AFF9A30 /* Pods-YTracker.debug.xcconfig */ = {isa = PBXFileReference; includeInIndex = 1; lastKnownFileType = text.xcconfig; name = "Pods-YTracker.debug.xcconfig"; path = "Pods/Target Support Files/Pods-YTracker/Pods-YTracker.debug.xcconfig"; sourceTree = "<group>"; };
		2C58A0ED1ED9E290000FF8FD /* AccountManager.swift */ = {isa = PBXFileReference; fileEncoding = 4; lastKnownFileType = sourcecode.swift; path = AccountManager.swift; sourceTree = "<group>"; };
		2C58A0EF1ED9E35D000FF8FD /* Alamofire.framework */ = {isa = PBXFileReference; lastKnownFileType = wrapper.framework; name = Alamofire.framework; path = "../../Library/Developer/Xcode/DerivedData/YTracker-bvqscbqaevmgatgbeaxqfakcehph/Build/Products/Debug-iphoneos/Alamofire/Alamofire.framework"; sourceTree = "<group>"; };
		2C58A0F01ED9E35D000FF8FD /* Material.framework */ = {isa = PBXFileReference; lastKnownFileType = wrapper.framework; name = Material.framework; path = "../../Library/Developer/Xcode/DerivedData/YTracker-bvqscbqaevmgatgbeaxqfakcehph/Build/Products/Debug-iphoneos/Material/Material.framework"; sourceTree = "<group>"; };
		2C58A0F11ED9E35D000FF8FD /* SwiftyJSON.framework */ = {isa = PBXFileReference; lastKnownFileType = wrapper.framework; name = SwiftyJSON.framework; path = "../../Library/Developer/Xcode/DerivedData/YTracker-bvqscbqaevmgatgbeaxqfakcehph/Build/Products/Debug-iphoneos/SwiftyJSON/SwiftyJSON.framework"; sourceTree = "<group>"; };
		2C80E8221EDA00D20029A4D5 /* TestViewController.swift */ = {isa = PBXFileReference; fileEncoding = 4; lastKnownFileType = sourcecode.swift; path = TestViewController.swift; sourceTree = "<group>"; };
		2C8989441ECF49D4003CEEF0 /* YTracker.app */ = {isa = PBXFileReference; explicitFileType = wrapper.application; includeInIndex = 0; path = YTracker.app; sourceTree = BUILT_PRODUCTS_DIR; };
		2C8989471ECF49D4003CEEF0 /* AppDelegate.swift */ = {isa = PBXFileReference; lastKnownFileType = sourcecode.swift; path = AppDelegate.swift; sourceTree = "<group>"; };
		2C8989491ECF49D5003CEEF0 /* ViewController.swift */ = {isa = PBXFileReference; lastKnownFileType = sourcecode.swift; path = ViewController.swift; sourceTree = "<group>"; };
		2C89894C1ECF49D5003CEEF0 /* Base */ = {isa = PBXFileReference; lastKnownFileType = file.storyboard; name = Base; path = Base.lproj/Main.storyboard; sourceTree = "<group>"; };
		2C89894E1ECF49D5003CEEF0 /* Assets.xcassets */ = {isa = PBXFileReference; lastKnownFileType = folder.assetcatalog; path = Assets.xcassets; sourceTree = "<group>"; };
		2C8989511ECF49D5003CEEF0 /* Base */ = {isa = PBXFileReference; lastKnownFileType = file.storyboard; name = Base; path = Base.lproj/LaunchScreen.storyboard; sourceTree = "<group>"; };
		2C8989531ECF49D5003CEEF0 /* Info.plist */ = {isa = PBXFileReference; lastKnownFileType = text.plist.xml; path = Info.plist; sourceTree = "<group>"; };
		2C89895A1ECF4A10003CEEF0 /* MapKit.framework */ = {isa = PBXFileReference; lastKnownFileType = wrapper.framework; name = MapKit.framework; path = System/Library/Frameworks/MapKit.framework; sourceTree = SDKROOT; };
		2CDD0CDB1ED4B9F70036A3AE /* RegisterViewController.swift */ = {isa = PBXFileReference; fileEncoding = 4; lastKnownFileType = sourcecode.swift; path = RegisterViewController.swift; sourceTree = "<group>"; };
		A7C014E7B44E6165A9C80B07 /* Pods_YTracker.framework */ = {isa = PBXFileReference; explicitFileType = wrapper.framework; includeInIndex = 0; path = Pods_YTracker.framework; sourceTree = BUILT_PRODUCTS_DIR; };
/* End PBXFileReference section */

/* Begin PBXFrameworksBuildPhase section */
		2C8989411ECF49D4003CEEF0 /* Frameworks */ = {
			isa = PBXFrameworksBuildPhase;
			buildActionMask = 2147483647;
			files = (
				2C58A0F21ED9E35D000FF8FD /* Alamofire.framework in Frameworks */,
				2C58A0F31ED9E35D000FF8FD /* Material.framework in Frameworks */,
				2C58A0F41ED9E35D000FF8FD /* SwiftyJSON.framework in Frameworks */,
				2C89895B1ECF4A10003CEEF0 /* MapKit.framework in Frameworks */,
				5741EEA54B34B66DEB9CA8F2 /* Pods_YTracker.framework in Frameworks */,
			);
			runOnlyForDeploymentPostprocessing = 0;
		};
/* End PBXFrameworksBuildPhase section */

/* Begin PBXGroup section */
		2C89893B1ECF49D4003CEEF0 = {
			isa = PBXGroup;
			children = (
				2C8989461ECF49D4003CEEF0 /* YTracker */,
				2C8989451ECF49D4003CEEF0 /* Products */,
				2C8989591ECF4A10003CEEF0 /* Frameworks */,
				AB928883965402B69A110D05 /* Pods */,
			);
			sourceTree = "<group>";
		};
		2C8989451ECF49D4003CEEF0 /* Products */ = {
			isa = PBXGroup;
			children = (
				2C8989441ECF49D4003CEEF0 /* YTracker.app */,
			);
			name = Products;
			sourceTree = "<group>";
		};
		2C8989461ECF49D4003CEEF0 /* YTracker */ = {
			isa = PBXGroup;
			children = (
				2C8989471ECF49D4003CEEF0 /* AppDelegate.swift */,
				2C8989491ECF49D5003CEEF0 /* ViewController.swift */,
				2C89894B1ECF49D5003CEEF0 /* Main.storyboard */,
				2C89894E1ECF49D5003CEEF0 /* Assets.xcassets */,
				2C8989501ECF49D5003CEEF0 /* LaunchScreen.storyboard */,
				2C8989531ECF49D5003CEEF0 /* Info.plist */,
				2CDD0CDB1ED4B9F70036A3AE /* RegisterViewController.swift */,
				2C58A0ED1ED9E290000FF8FD /* AccountManager.swift */,
				2C80E8221EDA00D20029A4D5 /* TestViewController.swift */,
			);
			path = YTracker;
			sourceTree = "<group>";
		};
		2C8989591ECF4A10003CEEF0 /* Frameworks */ = {
			isa = PBXGroup;
			children = (
				2C58A0EF1ED9E35D000FF8FD /* Alamofire.framework */,
				2C58A0F01ED9E35D000FF8FD /* Material.framework */,
				2C58A0F11ED9E35D000FF8FD /* SwiftyJSON.framework */,
				2C89895A1ECF4A10003CEEF0 /* MapKit.framework */,
				A7C014E7B44E6165A9C80B07 /* Pods_YTracker.framework */,
			);
			name = Frameworks;
			sourceTree = "<group>";
		};
		AB928883965402B69A110D05 /* Pods */ = {
			isa = PBXGroup;
			children = (
				0EA40A06E8BC74A00AFF9A30 /* Pods-YTracker.debug.xcconfig */,
				02FEC7B976A5DDD440747B3D /* Pods-YTracker.release.xcconfig */,
			);
			name = Pods;
			sourceTree = "<group>";
		};
/* End PBXGroup section */

/* Begin PBXNativeTarget section */
		2C8989431ECF49D4003CEEF0 /* YTracker */ = {
			isa = PBXNativeTarget;
			buildConfigurationList = 2C8989561ECF49D5003CEEF0 /* Build configuration list for PBXNativeTarget "YTracker" */;
			buildPhases = (
				57DAEE8705FD5CD88DEAB9E8 /* [CP] Check Pods Manifest.lock */,
				2C8989401ECF49D4003CEEF0 /* Sources */,
				2C8989411ECF49D4003CEEF0 /* Frameworks */,
				2C8989421ECF49D4003CEEF0 /* Resources */,
				0F22DD9D557948A20AF7887D /* [CP] Embed Pods Frameworks */,
				CA3D6CD34EFEAEEC78BB23FA /* [CP] Copy Pods Resources */,
			);
			buildRules = (
			);
			dependencies = (
			);
			name = YTracker;
			productName = YTracker;
			productReference = 2C8989441ECF49D4003CEEF0 /* YTracker.app */;
			productType = "com.apple.product-type.application";
		};
/* End PBXNativeTarget section */

/* Begin PBXProject section */
		2C89893C1ECF49D4003CEEF0 /* Project object */ = {
			isa = PBXProject;
			attributes = {
				LastSwiftUpdateCheck = 0830;
				LastUpgradeCheck = 0830;
				ORGANIZATIONNAME = "Ivan Trofimov";
				TargetAttributes = {
					2C8989431ECF49D4003CEEF0 = {
						CreatedOnToolsVersion = 8.3.2;
						DevelopmentTeam = B5SWW93MKD;
						ProvisioningStyle = Automatic;
						SystemCapabilities = {
							com.apple.Maps.iOS = {
								enabled = 1;
							};
						};
					};
				};
			};
			buildConfigurationList = 2C89893F1ECF49D4003CEEF0 /* Build configuration list for PBXProject "YTracker" */;
			compatibilityVersion = "Xcode 3.2";
			developmentRegion = English;
			hasScannedForEncodings = 0;
			knownRegions = (
				en,
				Base,
			);
			mainGroup = 2C89893B1ECF49D4003CEEF0;
			productRefGroup = 2C8989451ECF49D4003CEEF0 /* Products */;
			projectDirPath = "";
			projectRoot = "";
			targets = (
				2C8989431ECF49D4003CEEF0 /* YTracker */,
			);
		};
/* End PBXProject section */

/* Begin PBXResourcesBuildPhase section */
		2C8989421ECF49D4003CEEF0 /* Resources */ = {
			isa = PBXResourcesBuildPhase;
			buildActionMask = 2147483647;
			files = (
				2C8989521ECF49D5003CEEF0 /* LaunchScreen.storyboard in Resources */,
				2C89894F1ECF49D5003CEEF0 /* Assets.xcassets in Resources */,
				2C89894D1ECF49D5003CEEF0 /* Main.storyboard in Resources */,
			);
			runOnlyForDeploymentPostprocessing = 0;
		};
/* End PBXResourcesBuildPhase section */

/* Begin PBXShellScriptBuildPhase section */
		0F22DD9D557948A20AF7887D /* [CP] Embed Pods Frameworks */ = {
			isa = PBXShellScriptBuildPhase;
			buildActionMask = 2147483647;
			files = (
			);
			inputPaths = (
			);
			name = "[CP] Embed Pods Frameworks";
			outputPaths = (
			);
			runOnlyForDeploymentPostprocessing = 0;
			shellPath = /bin/sh;
			shellScript = "\"${SRCROOT}/Pods/Target Support Files/Pods-YTracker/Pods-YTracker-frameworks.sh\"\n";
			showEnvVarsInLog = 0;
		};
		57DAEE8705FD5CD88DEAB9E8 /* [CP] Check Pods Manifest.lock */ = {
			isa = PBXShellScriptBuildPhase;
			buildActionMask = 2147483647;
			files = (
			);
			inputPaths = (
			);
			name = "[CP] Check Pods Manifest.lock";
			outputPaths = (
			);
			runOnlyForDeploymentPostprocessing = 0;
			shellPath = /bin/sh;
			shellScript = "diff \"${PODS_ROOT}/../Podfile.lock\" \"${PODS_ROOT}/Manifest.lock\" > /dev/null\nif [ $? != 0 ] ; then\n    # print error to STDERR\n    echo \"error: The sandbox is not in sync with the Podfile.lock. Run 'pod install' or update your CocoaPods installation.\" >&2\n    exit 1\nfi\n";
			showEnvVarsInLog = 0;
		};
		CA3D6CD34EFEAEEC78BB23FA /* [CP] Copy Pods Resources */ = {
			isa = PBXShellScriptBuildPhase;
			buildActionMask = 2147483647;
			files = (
			);
			inputPaths = (
			);
			name = "[CP] Copy Pods Resources";
			outputPaths = (
			);
			runOnlyForDeploymentPostprocessing = 0;
			shellPath = /bin/sh;
			shellScript = "\"${SRCROOT}/Pods/Target Support Files/Pods-YTracker/Pods-YTracker-resources.sh\"\n";
			showEnvVarsInLog = 0;
		};
/* End PBXShellScriptBuildPhase section */

/* Begin PBXSourcesBuildPhase section */
		2C8989401ECF49D4003CEEF0 /* Sources */ = {
			isa = PBXSourcesBuildPhase;
			buildActionMask = 2147483647;
			files = (
				2C80E8231EDA00D20029A4D5 /* TestViewController.swift in Sources */,
				2CDD0CDC1ED4B9F70036A3AE /* RegisterViewController.swift in Sources */,
				2C89894A1ECF49D5003CEEF0 /* ViewController.swift in Sources */,
				2C8989481ECF49D5003CEEF0 /* AppDelegate.swift in Sources */,
				2C58A0EE1ED9E290000FF8FD /* AccountManager.swift in Sources */,
			);
			runOnlyForDeploymentPostprocessing = 0;
		};
/* End PBXSourcesBuildPhase section */

/* Begin PBXVariantGroup section */
		2C89894B1ECF49D5003CEEF0 /* Main.storyboard */ = {
			isa = PBXVariantGroup;
			children = (
				2C89894C1ECF49D5003CEEF0 /* Base */,
			);
			name = Main.storyboard;
			sourceTree = "<group>";
		};
		2C8989501ECF49D5003CEEF0 /* LaunchScreen.storyboard */ = {
			isa = PBXVariantGroup;
			children = (
				2C8989511ECF49D5003CEEF0 /* Base */,
			);
			name = LaunchScreen.storyboard;
			sourceTree = "<group>";
		};
/* End PBXVariantGroup section */

/* Begin XCBuildConfiguration section */
		2C8989541ECF49D5003CEEF0 /* Debug */ = {
			isa = XCBuildConfiguration;
			buildSettings = {
				ALWAYS_SEARCH_USER_PATHS = NO;
				CLANG_ANALYZER_NONNULL = YES;
				CLANG_ANALYZER_NUMBER_OBJECT_CONVERSION = YES_AGGRESSIVE;
				CLANG_CXX_LANGUAGE_STANDARD = "gnu++0x";
				CLANG_CXX_LIBRARY = "libc++";
				CLANG_ENABLE_MODULES = YES;
				CLANG_ENABLE_OBJC_ARC = YES;
				CLANG_WARN_BOOL_CONVERSION = YES;
				CLANG_WARN_CONSTANT_CONVERSION = YES;
				CLANG_WARN_DIRECT_OBJC_ISA_USAGE = YES_ERROR;
				CLANG_WARN_DOCUMENTATION_COMMENTS = YES;
				CLANG_WARN_EMPTY_BODY = YES;
				CLANG_WARN_ENUM_CONVERSION = YES;
				CLANG_WARN_INFINITE_RECURSION = YES;
				CLANG_WARN_INT_CONVERSION = YES;
				CLANG_WARN_OBJC_ROOT_CLASS = YES_ERROR;
				CLANG_WARN_SUSPICIOUS_MOVE = YES;
				CLANG_WARN_UNREACHABLE_CODE = YES;
				CLANG_WARN__DUPLICATE_METHOD_MATCH = YES;
				"CODE_SIGN_IDENTITY[sdk=iphoneos*]" = "iPhone Developer";
				COPY_PHASE_STRIP = NO;
				DEBUG_INFORMATION_FORMAT = dwarf;
				ENABLE_STRICT_OBJC_MSGSEND = YES;
				ENABLE_TESTABILITY = YES;
				GCC_C_LANGUAGE_STANDARD = gnu99;
				GCC_DYNAMIC_NO_PIC = NO;
				GCC_NO_COMMON_BLOCKS = YES;
				GCC_OPTIMIZATION_LEVEL = 0;
				GCC_PREPROCESSOR_DEFINITIONS = (
					"DEBUG=1",
					"$(inherited)",
				);
				GCC_WARN_64_TO_32_BIT_CONVERSION = YES;
				GCC_WARN_ABOUT_RETURN_TYPE = YES_ERROR;
				GCC_WARN_UNDECLARED_SELECTOR = YES;
				GCC_WARN_UNINITIALIZED_AUTOS = YES_AGGRESSIVE;
				GCC_WARN_UNUSED_FUNCTION = YES;
				GCC_WARN_UNUSED_VARIABLE = YES;
				IPHONEOS_DEPLOYMENT_TARGET = 10.3;
				MTL_ENABLE_DEBUG_INFO = YES;
				ONLY_ACTIVE_ARCH = YES;
				SDKROOT = iphoneos;
				SWIFT_ACTIVE_COMPILATION_CONDITIONS = DEBUG;
				SWIFT_OPTIMIZATION_LEVEL = "-Onone";
			};
			name = Debug;
		};
		2C8989551ECF49D5003CEEF0 /* Release */ = {
			isa = XCBuildConfiguration;
			buildSettings = {
				ALWAYS_SEARCH_USER_PATHS = NO;
				CLANG_ANALYZER_NONNULL = YES;
				CLANG_ANALYZER_NUMBER_OBJECT_CONVERSION = YES_AGGRESSIVE;
				CLANG_CXX_LANGUAGE_STANDARD = "gnu++0x";
				CLANG_CXX_LIBRARY = "libc++";
				CLANG_ENABLE_MODULES = YES;
				CLANG_ENABLE_OBJC_ARC = YES;
				CLANG_WARN_BOOL_CONVERSION = YES;
				CLANG_WARN_CONSTANT_CONVERSION = YES;
				CLANG_WARN_DIRECT_OBJC_ISA_USAGE = YES_ERROR;
				CLANG_WARN_DOCUMENTATION_COMMENTS = YES;
				CLANG_WARN_EMPTY_BODY = YES;
				CLANG_WARN_ENUM_CONVERSION = YES;
				CLANG_WARN_INFINITE_RECURSION = YES;
				CLANG_WARN_INT_CONVERSION = YES;
				CLANG_WARN_OBJC_ROOT_CLASS = YES_ERROR;
				CLANG_WARN_SUSPICIOUS_MOVE = YES;
				CLANG_WARN_UNREACHABLE_CODE = YES;
				CLANG_WARN__DUPLICATE_METHOD_MATCH = YES;
				"CODE_SIGN_IDENTITY[sdk=iphoneos*]" = "iPhone Developer";
				COPY_PHASE_STRIP = NO;
				DEBUG_INFORMATION_FORMAT = "dwarf-with-dsym";
				ENABLE_NS_ASSERTIONS = NO;
				ENABLE_STRICT_OBJC_MSGSEND = YES;
				GCC_C_LANGUAGE_STANDARD = gnu99;
				GCC_NO_COMMON_BLOCKS = YES;
				GCC_WARN_64_TO_32_BIT_CONVERSION = YES;
				GCC_WARN_ABOUT_RETURN_TYPE = YES_ERROR;
				GCC_WARN_UNDECLARED_SELECTOR = YES;
				GCC_WARN_UNINITIALIZED_AUTOS = YES_AGGRESSIVE;
				GCC_WARN_UNUSED_FUNCTION = YES;
				GCC_WARN_UNUSED_VARIABLE = YES;
				IPHONEOS_DEPLOYMENT_TARGET = 10.3;
				MTL_ENABLE_DEBUG_INFO = NO;
				SDKROOT = iphoneos;
				SWIFT_OPTIMIZATION_LEVEL = "-Owholemodule";
				VALIDATE_PRODUCT = YES;
			};
			name = Release;
		};
		2C8989571ECF49D5003CEEF0 /* Debug */ = {
			isa = XCBuildConfiguration;
			baseConfigurationReference = 0EA40A06E8BC74A00AFF9A30 /* Pods-YTracker.debug.xcconfig */;
			buildSettings = {
				ASSETCATALOG_COMPILER_APPICON_NAME = AppIcon;
				DEVELOPMENT_TEAM = B5SWW93MKD;
				INFOPLIST_FILE = YTracker/Info.plist;
				IPHONEOS_DEPLOYMENT_TARGET = 10.0;
				LD_RUNPATH_SEARCH_PATHS = "$(inherited) @executable_path/Frameworks";
				PRODUCT_BUNDLE_IDENTIFIER = Trofimov.YTracker;
				PRODUCT_NAME = "$(TARGET_NAME)";
				SWIFT_VERSION = 3.0;
			};
			name = Debug;
		};
		2C8989581ECF49D5003CEEF0 /* Release */ = {
			isa = XCBuildConfiguration;
			baseConfigurationReference = 02FEC7B976A5DDD440747B3D /* Pods-YTracker.release.xcconfig */;
			buildSettings = {
				ASSETCATALOG_COMPILER_APPICON_NAME = AppIcon;
				DEVELOPMENT_TEAM = B5SWW93MKD;
				INFOPLIST_FILE = YTracker/Info.plist;
				IPHONEOS_DEPLOYMENT_TARGET = 10.0;
				LD_RUNPATH_SEARCH_PATHS = "$(inherited) @executable_path/Frameworks";
				PRODUCT_BUNDLE_IDENTIFIER = Trofimov.YTracker;
				PRODUCT_NAME = "$(TARGET_NAME)";
				SWIFT_VERSION = 3.0;
			};
			name = Release;
		};
/* End XCBuildConfiguration section */

/* Begin XCConfigurationList section */
		2C89893F1ECF49D4003CEEF0 /* Build configuration list for PBXProject "YTracker" */ = {
			isa = XCConfigurationList;
			buildConfigurations = (
				2C8989541ECF49D5003CEEF0 /* Debug */,
				2C8989551ECF49D5003CEEF0 /* Release */,
			);
			defaultConfigurationIsVisible = 0;
			defaultConfigurationName = Release;
		};
		2C8989561ECF49D5003CEEF0 /* Build configuration list for PBXNativeTarget "YTracker" */ = {
			isa = XCConfigurationList;
			buildConfigurations = (
				2C8989571ECF49D5003CEEF0 /* Debug */,
				2C8989581ECF49D5003CEEF0 /* Release */,
			);
			defaultConfigurationIsVisible = 0;
			defaultConfigurationName = Release;
		};
/* End XCConfigurationList section */
	};
	rootObject = 2C89893C1ECF49D4003CEEF0 /* Project object */;
}
